
Microsoft Visual Studio Solution File, Format Version 12.00
# Visual Studio Version 16
VisualStudioVersion = 16.0.29926.136
MinimumVisualStudioVersion = 10.0.40219.1
Project("{8BC9CEB8-8B4A-11D0-8D11-00A0C91BC942}") = "Project5", "Project5.vcxproj", "{E9646D5D-7D89-4043-8A29-58101FD5839D}"
EndProject
Global
	GlobalSection(SolutionConfigurationPlatforms) = preSolution
		Debug|x64 = Debug|x64
		Debug|x86 = Debug|x86
		Release|x64 = Release|x64
		Release|x86 = Release|x86
	EndGlobalSection
	GlobalSection(ProjectConfigurationPlatforms) = postSolution
		{E9646D5D-7D89-4043-8A29-58101FD5839D}.Debug|x64.ActiveCfg = Debug|x64
		{E9646D5D-7D89-4043-8A29-58101FD5839D}.Debug|x64.Build.0 = Debug|x64
		{E9646D5D-7D89-4043-8A29-58101FD5839D}.Debug|x86.ActiveCfg = Debug|Win32
		{E9646D5D-7D89-4043-8A29-58101FD5839D}.Debug|x86.Build.0 = Debug|Win32
		{E9646D5D-7D89-4043-8A29-58101FD5839D}.Release|x64.ActiveCfg = Release|x64
		{E9646D5D-7D89-4043-8A29-58101FD5839D}.Release|x64.Build.0 = Release|x64
		{E9646D5D-7D89-4043-8A29-58101FD5839D}.Release|x86.ActiveCfg = Release|Win32
		{E9646D5D-7D89-4043-8A29-58101FD5839D}.Release|x86.Build.0 = Release|Win32
	EndGlobalSection
	GlobalSection(SolutionProperties) = preSolution
		HideSolutionNode = FALSE
	EndGlobalSection
	GlobalSection(ExtensibilityGlobals) = postSolution
		SolutionGuid = {8FAD1062-E68F-4533-9B3F-D8335880ED19}
	EndGlobalSection
EndGlobal
